
Microsoft Visual Studio Solution File, Format Version 12.00
# Visual Studio Version 16
VisualStudioVersion = 16.0.31702.278
MinimumVisualStudioVersion = 10.0.40219.1
Project("{FAE04EC0-301F-11D3-BF4B-00C04F79EFBC}") = "wifiPasswordGetter", "wifiPasswordGetter\wifiPasswordGetter.csproj", "{92825530-30AE-4FA3-B195-1BA099C57BAE}"
EndProject
Global
	GlobalSection(SolutionConfigurationPlatforms) = preSolution
		Debug|Any CPU = Debug|Any CPU
		Release|Any CPU = Release|Any CPU
	EndGlobalSection
	GlobalSection(ProjectConfigurationPlatforms) = postSolution
		{92825530-30AE-4FA3-B195-1BA099C57BAE}.Debug|Any CPU.ActiveCfg = Debug|Any CPU
		{92825530-30AE-4FA3-B195-1BA099C57BAE}.Debug|Any CPU.Build.0 = Debug|Any CPU
		{92825530-30AE-4FA3-B195-1BA099C57BAE}.Release|Any CPU.ActiveCfg = Release|Any CPU
		{92825530-30AE-4FA3-B195-1BA099C57BAE}.Release|Any CPU.Build.0 = Release|Any CPU
	EndGlobalSection
	GlobalSection(SolutionProperties) = preSolution
		HideSolutionNode = FALSE
	EndGlobalSection
	GlobalSection(ExtensibilityGlobals) = postSolution
		SolutionGuid = {8BB2A082-27C9-4CF7-B537-3AAF7D11FF9A}
	EndGlobalSection
EndGlobal
